
Microsoft Visual Studio Solution File, Format Version 12.00
# Visual Studio Version 16
VisualStudioVersion = 16.0.30413.136
MinimumVisualStudioVersion = 10.0.40219.1
Project("{FAE04EC0-301F-11D3-BF4B-00C04F79EFBC}") = "CarApp", "CarApp\CarApp.csproj", "{C2AC95FF-A478-472A-BA56-8935B4D455BE}"
EndProject
Global
	GlobalSection(SolutionConfigurationPlatforms) = preSolution
		Debug|Any CPU = Debug|Any CPU
		Release|Any CPU = Release|Any CPU
	EndGlobalSection
	GlobalSection(ProjectConfigurationPlatforms) = postSolution
		{C2AC95FF-A478-472A-BA56-8935B4D455BE}.Debug|Any CPU.ActiveCfg = Debug|Any CPU
		{C2AC95FF-A478-472A-BA56-8935B4D455BE}.Debug|Any CPU.Build.0 = Debug|Any CPU
		{C2AC95FF-A478-472A-BA56-8935B4D455BE}.Release|Any CPU.ActiveCfg = Release|Any CPU
		{C2AC95FF-A478-472A-BA56-8935B4D455BE}.Release|Any CPU.Build.0 = Release|Any CPU
	EndGlobalSection
	GlobalSection(SolutionProperties) = preSolution
		HideSolutionNode = FALSE
	EndGlobalSection
	GlobalSection(ExtensibilityGlobals) = postSolution
		SolutionGuid = {187E5020-16CE-4302-8239-91892FA28B36}
	EndGlobalSection
EndGlobal
